
Microsoft Visual Studio Solution File, Format Version 12.00
# Visual Studio Version 17
VisualStudioVersion = 17.5.002.0
MinimumVisualStudioVersion = 10.0.40219.1
Project("{9A19103F-16F7-4668-BE54-9A1E7A4F7556}") = "Plus Minus", "Plus Minus.csproj", "{9BFEBA40-7A6A-4004-AB80-F609B7724310}"
EndProject
Global
	GlobalSection(SolutionConfigurationPlatforms) = preSolution
		Debug|Any CPU = Debug|Any CPU
		Release|Any CPU = Release|Any CPU
	EndGlobalSection
	GlobalSection(ProjectConfigurationPlatforms) = postSolution
		{9BFEBA40-7A6A-4004-AB80-F609B7724310}.Debug|Any CPU.ActiveCfg = Debug|Any CPU
		{9BFEBA40-7A6A-4004-AB80-F609B7724310}.Debug|Any CPU.Build.0 = Debug|Any CPU
		{9BFEBA40-7A6A-4004-AB80-F609B7724310}.Release|Any CPU.ActiveCfg = Release|Any CPU
		{9BFEBA40-7A6A-4004-AB80-F609B7724310}.Release|Any CPU.Build.0 = Release|Any CPU
	EndGlobalSection
	GlobalSection(SolutionProperties) = preSolution
		HideSolutionNode = FALSE
	EndGlobalSection
	GlobalSection(ExtensibilityGlobals) = postSolution
		SolutionGuid = {42A3C1BF-40BB-4C08-8AD5-90B70CDE8444}
	EndGlobalSection
EndGlobal
